
Microsoft Visual Studio Solution File, Format Version 12.00
# Visual Studio Version 16
VisualStudioVersion = 16.0.31729.503
MinimumVisualStudioVersion = 10.0.40219.1
Project("{9A19103F-16F7-4668-BE54-9A1E7A4F7556}") = "WebAPI", "WebAPI\WebAPI.csproj", "{467599A7-B4EA-411D-BB2C-CA711B551BF6}"
EndProject
Project("{9A19103F-16F7-4668-BE54-9A1E7A4F7556}") = "EntityFramework", "EntityFramework\EntityFramework.csproj", "{85E752EA-F5B7-436A-9BB4-FFA8BECA9C8E}"
EndProject
Project("{9A19103F-16F7-4668-BE54-9A1E7A4F7556}") = "Model", "Model\Model.csproj", "{666B5162-D48B-4CFD-A5C0-885FB9122272}"
EndProject
Project("{9A19103F-16F7-4668-BE54-9A1E7A4F7556}") = "Repository", "Repository\Repository.csproj", "{34A630BE-FEFA-4D22-B20B-B6EEFAB5471C}"
EndProject
Project("{FAE04EC0-301F-11D3-BF4B-00C04F79EFBC}") = "TestProject1", "TestProject1\TestProject1.csproj", "{3C61C910-9E61-4F5C-9E50-F2DA349F0949}"
EndProject
Global
	GlobalSection(SolutionConfigurationPlatforms) = preSolution
		Debug|Any CPU = Debug|Any CPU
		Release|Any CPU = Release|Any CPU
	EndGlobalSection
	GlobalSection(ProjectConfigurationPlatforms) = postSolution
		{467599A7-B4EA-411D-BB2C-CA711B551BF6}.Debug|Any CPU.ActiveCfg = Debug|Any CPU
		{467599A7-B4EA-411D-BB2C-CA711B551BF6}.Debug|Any CPU.Build.0 = Debug|Any CPU
		{467599A7-B4EA-411D-BB2C-CA711B551BF6}.Release|Any CPU.ActiveCfg = Release|Any CPU
		{467599A7-B4EA-411D-BB2C-CA711B551BF6}.Release|Any CPU.Build.0 = Release|Any CPU
		{85E752EA-F5B7-436A-9BB4-FFA8BECA9C8E}.Debug|Any CPU.ActiveCfg = Debug|Any CPU
		{85E752EA-F5B7-436A-9BB4-FFA8BECA9C8E}.Debug|Any CPU.Build.0 = Debug|Any CPU
		{85E752EA-F5B7-436A-9BB4-FFA8BECA9C8E}.Release|Any CPU.ActiveCfg = Release|Any CPU
		{85E752EA-F5B7-436A-9BB4-FFA8BECA9C8E}.Release|Any CPU.Build.0 = Release|Any CPU
		{666B5162-D48B-4CFD-A5C0-885FB9122272}.Debug|Any CPU.ActiveCfg = Debug|Any CPU
		{666B5162-D48B-4CFD-A5C0-885FB9122272}.Debug|Any CPU.Build.0 = Debug|Any CPU
		{666B5162-D48B-4CFD-A5C0-885FB9122272}.Release|Any CPU.ActiveCfg = Release|Any CPU
		{666B5162-D48B-4CFD-A5C0-885FB9122272}.Release|Any CPU.Build.0 = Release|Any CPU
		{34A630BE-FEFA-4D22-B20B-B6EEFAB5471C}.Debug|Any CPU.ActiveCfg = Debug|Any CPU
		{34A630BE-FEFA-4D22-B20B-B6EEFAB5471C}.Debug|Any CPU.Build.0 = Debug|Any CPU
		{34A630BE-FEFA-4D22-B20B-B6EEFAB5471C}.Release|Any CPU.ActiveCfg = Release|Any CPU
		{34A630BE-FEFA-4D22-B20B-B6EEFAB5471C}.Release|Any CPU.Build.0 = Release|Any CPU
		{3C61C910-9E61-4F5C-9E50-F2DA349F0949}.Debug|Any CPU.ActiveCfg = Debug|Any CPU
		{3C61C910-9E61-4F5C-9E50-F2DA349F0949}.Debug|Any CPU.Build.0 = Debug|Any CPU
		{3C61C910-9E61-4F5C-9E50-F2DA349F0949}.Release|Any CPU.ActiveCfg = Release|Any CPU
		{3C61C910-9E61-4F5C-9E50-F2DA349F0949}.Release|Any CPU.Build.0 = Release|Any CPU
	EndGlobalSection
	GlobalSection(SolutionProperties) = preSolution
		HideSolutionNode = FALSE
	EndGlobalSection
	GlobalSection(ExtensibilityGlobals) = postSolution
		SolutionGuid = {22AAB4FE-F9D3-4832-BE98-E0504AF59AFF}
	EndGlobalSection
EndGlobal
